
Microsoft Visual Studio Solution File, Format Version 11.00
# Visual Studio 2010
Project("{FAE04EC0-301F-11D3-BF4B-00C04F79EFBC}") = "UnityEngine", "Assembly-CSharp-firstpass.csproj", "{7CC425D5-5ADC-9A01-50C7-CFA07B888999}"
EndProject
Project("{FAE04EC0-301F-11D3-BF4B-00C04F79EFBC}") = "UnityEngine", "Assembly-CSharp.csproj", "{755491BA-5F69-3023-6269-821CB67A2B88}"
EndProject
Project("{FAE04EC0-301F-11D3-BF4B-00C04F79EFBC}") = "UnityEngine", "Assembly-CSharp-Editor.csproj", "{6C6675B2-38B0-F017-0E35-D1FD6D97D5AD}"
EndProject
Global
	GlobalSection(SolutionConfigurationPlatforms) = preSolution
		Debug|Any CPU = Debug|Any CPU
		Release|Any CPU = Release|Any CPU
	EndGlobalSection
	GlobalSection(ProjectConfigurationPlatforms) = postSolution
		{7CC425D5-5ADC-9A01-50C7-CFA07B888999}.Debug|Any CPU.ActiveCfg = Debug|Any CPU
		{7CC425D5-5ADC-9A01-50C7-CFA07B888999}.Debug|Any CPU.Build.0 = Debug|Any CPU
		{7CC425D5-5ADC-9A01-50C7-CFA07B888999}.Release|Any CPU.ActiveCfg = Release|Any CPU
		{7CC425D5-5ADC-9A01-50C7-CFA07B888999}.Release|Any CPU.Build.0 = Release|Any CPU
		{755491BA-5F69-3023-6269-821CB67A2B88}.Debug|Any CPU.ActiveCfg = Debug|Any CPU
		{755491BA-5F69-3023-6269-821CB67A2B88}.Debug|Any CPU.Build.0 = Debug|Any CPU
		{755491BA-5F69-3023-6269-821CB67A2B88}.Release|Any CPU.ActiveCfg = Release|Any CPU
		{755491BA-5F69-3023-6269-821CB67A2B88}.Release|Any CPU.Build.0 = Release|Any CPU
		{6C6675B2-38B0-F017-0E35-D1FD6D97D5AD}.Debug|Any CPU.ActiveCfg = Debug|Any CPU
		{6C6675B2-38B0-F017-0E35-D1FD6D97D5AD}.Debug|Any CPU.Build.0 = Debug|Any CPU
		{6C6675B2-38B0-F017-0E35-D1FD6D97D5AD}.Release|Any CPU.ActiveCfg = Release|Any CPU
		{6C6675B2-38B0-F017-0E35-D1FD6D97D5AD}.Release|Any CPU.Build.0 = Release|Any CPU
	EndGlobalSection
	GlobalSection(SolutionProperties) = preSolution
		HideSolutionNode = FALSE
	EndGlobalSection
	GlobalSection(MonoDevelopProperties) = preSolution
		StartupItem = Assembly-CSharp.csproj
	EndGlobalSection
EndGlobal
