
Microsoft Visual Studio Solution File, Format Version 11.00
# Visual Studio 2010
Project("{FAE04EC0-301F-11D3-BF4B-00C04F79EFBC}") = "janggi_VR(final)", "Assembly-CSharp-firstpass.csproj", "{B48913E2-4BED-2544-7082-354B657B665B}"
EndProject
Project("{FAE04EC0-301F-11D3-BF4B-00C04F79EFBC}") = "janggi_VR(final)", "Assembly-CSharp.csproj", "{364077E9-3269-B2EC-9D36-BDAC9E03932C}"
EndProject
Project("{FAE04EC0-301F-11D3-BF4B-00C04F79EFBC}") = "janggi_VR(final)", "Assembly-CSharp-Editor.csproj", "{34F876C5-6712-AFD0-C676-606AEF8A402A}"
EndProject
Global
	GlobalSection(SolutionConfigurationPlatforms) = preSolution
		Debug|Any CPU = Debug|Any CPU
		Release|Any CPU = Release|Any CPU
	EndGlobalSection
	GlobalSection(ProjectConfigurationPlatforms) = postSolution
		{B48913E2-4BED-2544-7082-354B657B665B}.Debug|Any CPU.ActiveCfg = Debug|Any CPU
		{B48913E2-4BED-2544-7082-354B657B665B}.Debug|Any CPU.Build.0 = Debug|Any CPU
		{B48913E2-4BED-2544-7082-354B657B665B}.Release|Any CPU.ActiveCfg = Release|Any CPU
		{B48913E2-4BED-2544-7082-354B657B665B}.Release|Any CPU.Build.0 = Release|Any CPU
		{364077E9-3269-B2EC-9D36-BDAC9E03932C}.Debug|Any CPU.ActiveCfg = Debug|Any CPU
		{364077E9-3269-B2EC-9D36-BDAC9E03932C}.Debug|Any CPU.Build.0 = Debug|Any CPU
		{364077E9-3269-B2EC-9D36-BDAC9E03932C}.Release|Any CPU.ActiveCfg = Release|Any CPU
		{364077E9-3269-B2EC-9D36-BDAC9E03932C}.Release|Any CPU.Build.0 = Release|Any CPU
		{34F876C5-6712-AFD0-C676-606AEF8A402A}.Debug|Any CPU.ActiveCfg = Debug|Any CPU
		{34F876C5-6712-AFD0-C676-606AEF8A402A}.Debug|Any CPU.Build.0 = Debug|Any CPU
		{34F876C5-6712-AFD0-C676-606AEF8A402A}.Release|Any CPU.ActiveCfg = Release|Any CPU
		{34F876C5-6712-AFD0-C676-606AEF8A402A}.Release|Any CPU.Build.0 = Release|Any CPU
	EndGlobalSection
	GlobalSection(SolutionProperties) = preSolution
		HideSolutionNode = FALSE
	EndGlobalSection
	GlobalSection(MonoDevelopProperties) = preSolution
		StartupItem = Assembly-CSharp.csproj
	EndGlobalSection
EndGlobal
